// !$*UTF8*$!
{
	archiveVersion = 1;
	classes = {
	};
	objectVersion = 55;
	objects = {

/* Begin PBXBuildFile section */
		7C8B676227C4061600EC5294 /* CoreData.swift in Sources */ = {isa = PBXBuildFile; fileRef = 7C8B676127C4061600EC5294 /* CoreData.swift */; };
		7CB81EDC27C0F46800D3C19E /* AppDelegate.swift in Sources */ = {isa = PBXBuildFile; fileRef = 7CB81EDB27C0F46800D3C19E /* AppDelegate.swift */; };
		7CB81EDE27C0F46800D3C19E /* SceneDelegate.swift in Sources */ = {isa = PBXBuildFile; fileRef = 7CB81EDD27C0F46800D3C19E /* SceneDelegate.swift */; };
		7CB81EE027C0F46800D3C19E /* ViewController.swift in Sources */ = {isa = PBXBuildFile; fileRef = 7CB81EDF27C0F46800D3C19E /* ViewController.swift */; };
		7CB81EE327C0F46800D3C19E /* Main.storyboard in Resources */ = {isa = PBXBuildFile; fileRef = 7CB81EE127C0F46800D3C19E /* Main.storyboard */; };
		7CB81EE627C0F46800D3C19E /* e_legion_TT.xcdatamodeld in Sources */ = {isa = PBXBuildFile; fileRef = 7CB81EE427C0F46800D3C19E /* e_legion_TT.xcdatamodeld */; };
		7CB81EE827C0F46900D3C19E /* Assets.xcassets in Resources */ = {isa = PBXBuildFile; fileRef = 7CB81EE727C0F46900D3C19E /* Assets.xcassets */; };
		7CB81EEB27C0F46900D3C19E /* LaunchScreen.storyboard in Resources */ = {isa = PBXBuildFile; fileRef = 7CB81EE927C0F46900D3C19E /* LaunchScreen.storyboard */; };
		7CB81EF327C0F72700D3C19E /* ТЗ.txt in Resources */ = {isa = PBXBuildFile; fileRef = 7CB81EF227C0F72700D3C19E /* ТЗ.txt */; };
/* End PBXBuildFile section */

/* Begin PBXFileReference section */
		7C8B676127C4061600EC5294 /* CoreData.swift */ = {isa = PBXFileReference; lastKnownFileType = sourcecode.swift; path = CoreData.swift; sourceTree = "<group>"; };
		7CB81ED827C0F46800D3C19E /* Testovoe_calculator.app */ = {isa = PBXFileReference; explicitFileType = wrapper.application; includeInIndex = 0; path = Testovoe_calculator.app; sourceTree = BUILT_PRODUCTS_DIR; };
		7CB81EDB27C0F46800D3C19E /* AppDelegate.swift */ = {isa = PBXFileReference; lastKnownFileType = sourcecode.swift; path = AppDelegate.swift; sourceTree = "<group>"; };
		7CB81EDD27C0F46800D3C19E /* SceneDelegate.swift */ = {isa = PBXFileReference; lastKnownFileType = sourcecode.swift; path = SceneDelegate.swift; sourceTree = "<group>"; };
		7CB81EDF27C0F46800D3C19E /* ViewController.swift */ = {isa = PBXFileReference; lastKnownFileType = sourcecode.swift; path = ViewController.swift; sourceTree = "<group>"; };
		7CB81EE227C0F46800D3C19E /* Base */ = {isa = PBXFileReference; lastKnownFileType = file.storyboard; name = Base; path = Base.lproj/Main.storyboard; sourceTree = "<group>"; };
		7CB81EE527C0F46800D3C19E /* e_legion_TT.xcdatamodel */ = {isa = PBXFileReference; lastKnownFileType = wrapper.xcdatamodel; path = e_legion_TT.xcdatamodel; sourceTree = "<group>"; };
		7CB81EE727C0F46900D3C19E /* Assets.xcassets */ = {isa = PBXFileReference; lastKnownFileType = folder.assetcatalog; path = Assets.xcassets; sourceTree = "<group>"; };
		7CB81EEA27C0F46900D3C19E /* Base */ = {isa = PBXFileReference; lastKnownFileType = file.storyboard; name = Base; path = Base.lproj/LaunchScreen.storyboard; sourceTree = "<group>"; };
		7CB81EEC27C0F46900D3C19E /* Info.plist */ = {isa = PBXFileReference; lastKnownFileType = text.plist.xml; path = Info.plist; sourceTree = "<group>"; };
		7CB81EF227C0F72700D3C19E /* ТЗ.txt */ = {isa = PBXFileReference; fileEncoding = 4; lastKnownFileType = text; path = "ТЗ.txt"; sourceTree = "<group>"; };
/* End PBXFileReference section */

/* Begin PBXFrameworksBuildPhase section */
		7CB81ED527C0F46800D3C19E /* Frameworks */ = {
			isa = PBXFrameworksBuildPhase;
			buildActionMask = 2147483647;
			files = (
			);
			runOnlyForDeploymentPostprocessing = 0;
		};
/* End PBXFrameworksBuildPhase section */

/* Begin PBXGroup section */
		7C8B676327C4097C00EC5294 /* ViewControllers */ = {
			isa = PBXGroup;
			children = (
				7CB81EDF27C0F46800D3C19E /* ViewController.swift */,
			);
			path = ViewControllers;
			sourceTree = "<group>";
		};
		7C8B676427C4098D00EC5294 /* CoreData */ = {
			isa = PBXGroup;
			children = (
				7C8B676127C4061600EC5294 /* CoreData.swift */,
			);
			path = CoreData;
			sourceTree = "<group>";
		};
		7CB81ECF27C0F46800D3C19E = {
			isa = PBXGroup;
			children = (
				7CB81EDA27C0F46800D3C19E /* Testovoe_calculator */,
				7CB81ED927C0F46800D3C19E /* Products */,
			);
			sourceTree = "<group>";
		};
		7CB81ED927C0F46800D3C19E /* Products */ = {
			isa = PBXGroup;
			children = (
				7CB81ED827C0F46800D3C19E /* Testovoe_calculator.app */,
			);
			name = Products;
			sourceTree = "<group>";
		};
		7CB81EDA27C0F46800D3C19E /* Testovoe_calculator */ = {
			isa = PBXGroup;
			children = (
				7CB81EDB27C0F46800D3C19E /* AppDelegate.swift */,
				7CB81EDD27C0F46800D3C19E /* SceneDelegate.swift */,
				7C8B676327C4097C00EC5294 /* ViewControllers */,
				7C8B676427C4098D00EC5294 /* CoreData */,
				7CB81EE127C0F46800D3C19E /* Main.storyboard */,
				7CB81EE727C0F46900D3C19E /* Assets.xcassets */,
				7CB81EE927C0F46900D3C19E /* LaunchScreen.storyboard */,
				7CB81EEC27C0F46900D3C19E /* Info.plist */,
				7CB81EE427C0F46800D3C19E /* e_legion_TT.xcdatamodeld */,
				7CB81EF227C0F72700D3C19E /* ТЗ.txt */,
			);
			path = Testovoe_calculator;
			sourceTree = "<group>";
		};
/* End PBXGroup section */

/* Begin PBXNativeTarget section */
		7CB81ED727C0F46800D3C19E /* Testovoe_calculator */ = {
			isa = PBXNativeTarget;
			buildConfigurationList = 7CB81EEF27C0F46900D3C19E /* Build configuration list for PBXNativeTarget "Testovoe_calculator" */;
			buildPhases = (
				7CB81ED427C0F46800D3C19E /* Sources */,
				7CB81ED527C0F46800D3C19E /* Frameworks */,
				7CB81ED627C0F46800D3C19E /* Resources */,
			);
			buildRules = (
			);
			dependencies = (
			);
			name = Testovoe_calculator;
			productName = e_legion_TT;
			productReference = 7CB81ED827C0F46800D3C19E /* Testovoe_calculator.app */;
			productType = "com.apple.product-type.application";
		};
/* End PBXNativeTarget section */

/* Begin PBXProject section */
		7CB81ED027C0F46800D3C19E /* Project object */ = {
			isa = PBXProject;
			attributes = {
				BuildIndependentTargetsInParallel = 1;
				LastSwiftUpdateCheck = 1320;
				LastUpgradeCheck = 1320;
				TargetAttributes = {
					7CB81ED727C0F46800D3C19E = {
						CreatedOnToolsVersion = 13.2.1;
					};
				};
			};
			buildConfigurationList = 7CB81ED327C0F46800D3C19E /* Build configuration list for PBXProject "Testovoe_calculator" */;
			compatibilityVersion = "Xcode 13.0";
			developmentRegion = en;
			hasScannedForEncodings = 0;
			knownRegions = (
				en,
				Base,
			);
			mainGroup = 7CB81ECF27C0F46800D3C19E;
			productRefGroup = 7CB81ED927C0F46800D3C19E /* Products */;
			projectDirPath = "";
			projectRoot = "";
			targets = (
				7CB81ED727C0F46800D3C19E /* Testovoe_calculator */,
			);
		};
/* End PBXProject section */

/* Begin PBXResourcesBuildPhase section */
		7CB81ED627C0F46800D3C19E /* Resources */ = {
			isa = PBXResourcesBuildPhase;
			buildActionMask = 2147483647;
			files = (
				7CB81EEB27C0F46900D3C19E /* LaunchScreen.storyboard in Resources */,
				7CB81EF327C0F72700D3C19E /* ТЗ.txt in Resources */,
				7CB81EE827C0F46900D3C19E /* Assets.xcassets in Resources */,
				7CB81EE327C0F46800D3C19E /* Main.storyboard in Resources */,
			);
			runOnlyForDeploymentPostprocessing = 0;
		};
/* End PBXResourcesBuildPhase section */

/* Begin PBXSourcesBuildPhase section */
		7CB81ED427C0F46800D3C19E /* Sources */ = {
			isa = PBXSourcesBuildPhase;
			buildActionMask = 2147483647;
			files = (
				7CB81EE027C0F46800D3C19E /* ViewController.swift in Sources */,
				7CB81EE627C0F46800D3C19E /* e_legion_TT.xcdatamodeld in Sources */,
				7CB81EDC27C0F46800D3C19E /* AppDelegate.swift in Sources */,
				7CB81EDE27C0F46800D3C19E /* SceneDelegate.swift in Sources */,
				7C8B676227C4061600EC5294 /* CoreData.swift in Sources */,
			);
			runOnlyForDeploymentPostprocessing = 0;
		};
/* End PBXSourcesBuildPhase section */

/* Begin PBXVariantGroup section */
		7CB81EE127C0F46800D3C19E /* Main.storyboard */ = {
			isa = PBXVariantGroup;
			children = (
				7CB81EE227C0F46800D3C19E /* Base */,
			);
			name = Main.storyboard;
			sourceTree = "<group>";
		};
		7CB81EE927C0F46900D3C19E /* LaunchScreen.storyboard */ = {
			isa = PBXVariantGroup;
			children = (
				7CB81EEA27C0F46900D3C19E /* Base */,
			);
			name = LaunchScreen.storyboard;
			sourceTree = "<group>";
		};
/* End PBXVariantGroup section */

/* Begin XCBuildConfiguration section */
		7CB81EED27C0F46900D3C19E /* Debug */ = {
			isa = XCBuildConfiguration;
			buildSettings = {
				ALWAYS_SEARCH_USER_PATHS = NO;
				CLANG_ANALYZER_NONNULL = YES;
				CLANG_ANALYZER_NUMBER_OBJECT_CONVERSION = YES_AGGRESSIVE;
				CLANG_CXX_LANGUAGE_STANDARD = "gnu++17";
				CLANG_CXX_LIBRARY = "libc++";
				CLANG_ENABLE_MODULES = YES;
				CLANG_ENABLE_OBJC_ARC = YES;
				CLANG_ENABLE_OBJC_WEAK = YES;
				CLANG_WARN_BLOCK_CAPTURE_AUTORELEASING = YES;
				CLANG_WARN_BOOL_CONVERSION = YES;
				CLANG_WARN_COMMA = YES;
				CLANG_WARN_CONSTANT_CONVERSION = YES;
				CLANG_WARN_DEPRECATED_OBJC_IMPLEMENTATIONS = YES;
				CLANG_WARN_DIRECT_OBJC_ISA_USAGE = YES_ERROR;
				CLANG_WARN_DOCUMENTATION_COMMENTS = YES;
				CLANG_WARN_EMPTY_BODY = YES;
				CLANG_WARN_ENUM_CONVERSION = YES;
				CLANG_WARN_INFINITE_RECURSION = YES;
				CLANG_WARN_INT_CONVERSION = YES;
				CLANG_WARN_NON_LITERAL_NULL_CONVERSION = YES;
				CLANG_WARN_OBJC_IMPLICIT_RETAIN_SELF = YES;
				CLANG_WARN_OBJC_LITERAL_CONVERSION = YES;
				CLANG_WARN_OBJC_ROOT_CLASS = YES_ERROR;
				CLANG_WARN_QUOTED_INCLUDE_IN_FRAMEWORK_HEADER = YES;
				CLANG_WARN_RANGE_LOOP_ANALYSIS = YES;
				CLANG_WARN_STRICT_PROTOTYPES = YES;
				CLANG_WARN_SUSPICIOUS_MOVE = YES;
				CLANG_WARN_UNGUARDED_AVAILABILITY = YES_AGGRESSIVE;
				CLANG_WARN_UNREACHABLE_CODE = YES;
				CLANG_WARN__DUPLICATE_METHOD_MATCH = YES;
				COPY_PHASE_STRIP = NO;
				DEBUG_INFORMATION_FORMAT = dwarf;
				ENABLE_STRICT_OBJC_MSGSEND = YES;
				ENABLE_TESTABILITY = YES;
				GCC_C_LANGUAGE_STANDARD = gnu11;
				GCC_DYNAMIC_NO_PIC = NO;
				GCC_NO_COMMON_BLOCKS = YES;
				GCC_OPTIMIZATION_LEVEL = 0;
				GCC_PREPROCESSOR_DEFINITIONS = (
					"DEBUG=1",
					"$(inherited)",
				);
				GCC_WARN_64_TO_32_BIT_CONVERSION = YES;
				GCC_WARN_ABOUT_RETURN_TYPE = YES_ERROR;
				GCC_WARN_UNDECLARED_SELECTOR = YES;
				GCC_WARN_UNINITIALIZED_AUTOS = YES_AGGRESSIVE;
				GCC_WARN_UNUSED_FUNCTION = YES;
				GCC_WARN_UNUSED_VARIABLE = YES;
				IPHONEOS_DEPLOYMENT_TARGET = 15.2;
				MTL_ENABLE_DEBUG_INFO = INCLUDE_SOURCE;
				MTL_FAST_MATH = YES;
				ONLY_ACTIVE_ARCH = YES;
				SDKROOT = iphoneos;
				SWIFT_ACTIVE_COMPILATION_CONDITIONS = DEBUG;
				SWIFT_OPTIMIZATION_LEVEL = "-Onone";
			};
			name = Debug;
		};
		7CB81EEE27C0F46900D3C19E /* Release */ = {
			isa = XCBuildConfiguration;
			buildSettings = {
				ALWAYS_SEARCH_USER_PATHS = NO;
				CLANG_ANALYZER_NONNULL = YES;
				CLANG_ANALYZER_NUMBER_OBJECT_CONVERSION = YES_AGGRESSIVE;
				CLANG_CXX_LANGUAGE_STANDARD = "gnu++17";
				CLANG_CXX_LIBRARY = "libc++";
				CLANG_ENABLE_MODULES = YES;
				CLANG_ENABLE_OBJC_ARC = YES;
				CLANG_ENABLE_OBJC_WEAK = YES;
				CLANG_WARN_BLOCK_CAPTURE_AUTORELEASING = YES;
				CLANG_WARN_BOOL_CONVERSION = YES;
				CLANG_WARN_COMMA = YES;
				CLANG_WARN_CONSTANT_CONVERSION = YES;
				CLANG_WARN_DEPRECATED_OBJC_IMPLEMENTATIONS = YES;
				CLANG_WARN_DIRECT_OBJC_ISA_USAGE = YES_ERROR;
				CLANG_WARN_DOCUMENTATION_COMMENTS = YES;
				CLANG_WARN_EMPTY_BODY = YES;
				CLANG_WARN_ENUM_CONVERSION = YES;
				CLANG_WARN_INFINITE_RECURSION = YES;
				CLANG_WARN_INT_CONVERSION = YES;
				CLANG_WARN_NON_LITERAL_NULL_CONVERSION = YES;
				CLANG_WARN_OBJC_IMPLICIT_RETAIN_SELF = YES;
				CLANG_WARN_OBJC_LITERAL_CONVERSION = YES;
				CLANG_WARN_OBJC_ROOT_CLASS = YES_ERROR;
				CLANG_WARN_QUOTED_INCLUDE_IN_FRAMEWORK_HEADER = YES;
				CLANG_WARN_RANGE_LOOP_ANALYSIS = YES;
				CLANG_WARN_STRICT_PROTOTYPES = YES;
				CLANG_WARN_SUSPICIOUS_MOVE = YES;
				CLANG_WARN_UNGUARDED_AVAILABILITY = YES_AGGRESSIVE;
				CLANG_WARN_UNREACHABLE_CODE = YES;
				CLANG_WARN__DUPLICATE_METHOD_MATCH = YES;
				COPY_PHASE_STRIP = NO;
				DEBUG_INFORMATION_FORMAT = "dwarf-with-dsym";
				ENABLE_NS_ASSERTIONS = NO;
				ENABLE_STRICT_OBJC_MSGSEND = YES;
				GCC_C_LANGUAGE_STANDARD = gnu11;
				GCC_NO_COMMON_BLOCKS = YES;
				GCC_WARN_64_TO_32_BIT_CONVERSION = YES;
				GCC_WARN_ABOUT_RETURN_TYPE = YES_ERROR;
				GCC_WARN_UNDECLARED_SELECTOR = YES;
				GCC_WARN_UNINITIALIZED_AUTOS = YES_AGGRESSIVE;
				GCC_WARN_UNUSED_FUNCTION = YES;
				GCC_WARN_UNUSED_VARIABLE = YES;
				IPHONEOS_DEPLOYMENT_TARGET = 15.2;
				MTL_ENABLE_DEBUG_INFO = NO;
				MTL_FAST_MATH = YES;
				SDKROOT = iphoneos;
				SWIFT_COMPILATION_MODE = wholemodule;
				SWIFT_OPTIMIZATION_LEVEL = "-O";
				VALIDATE_PRODUCT = YES;
			};
			name = Release;
		};
		7CB81EF027C0F46900D3C19E /* Debug */ = {
			isa = XCBuildConfiguration;
			buildSettings = {
				ASSETCATALOG_COMPILER_APPICON_NAME = AppIcon;
				ASSETCATALOG_COMPILER_GLOBAL_ACCENT_COLOR_NAME = AccentColor;
				CODE_SIGN_STYLE = Automatic;
				CURRENT_PROJECT_VERSION = 1;
				DEVELOPMENT_TEAM = 8526PH72VB;
				GENERATE_INFOPLIST_FILE = YES;
				INFOPLIST_FILE = Testovoe_calculator/Info.plist;
				INFOPLIST_KEY_UIApplicationSupportsIndirectInputEvents = YES;
				INFOPLIST_KEY_UILaunchStoryboardName = LaunchScreen;
				INFOPLIST_KEY_UIMainStoryboardFile = Main;
				INFOPLIST_KEY_UISupportedInterfaceOrientations_iPad = "UIInterfaceOrientationPortrait UIInterfaceOrientationPortraitUpsideDown UIInterfaceOrientationLandscapeLeft UIInterfaceOrientationLandscapeRight";
				INFOPLIST_KEY_UISupportedInterfaceOrientations_iPhone = "UIInterfaceOrientationPortrait UIInterfaceOrientationLandscapeLeft UIInterfaceOrientationLandscapeRight";
				LD_RUNPATH_SEARCH_PATHS = (
					"$(inherited)",
					"@executable_path/Frameworks",
				);
				MARKETING_VERSION = 1.0;
				PRODUCT_BUNDLE_IDENTIFIER = NetworkingURLapp.Testovoe_calculator;
				PRODUCT_NAME = "$(TARGET_NAME)";
				SWIFT_EMIT_LOC_STRINGS = YES;
				SWIFT_VERSION = 5.0;
				TARGETED_DEVICE_FAMILY = "1,2";
			};
			name = Debug;
		};
		7CB81EF127C0F46900D3C19E /* Release */ = {
			isa = XCBuildConfiguration;
			buildSettings = {
				ASSETCATALOG_COMPILER_APPICON_NAME = AppIcon;
				ASSETCATALOG_COMPILER_GLOBAL_ACCENT_COLOR_NAME = AccentColor;
				CODE_SIGN_STYLE = Automatic;
				CURRENT_PROJECT_VERSION = 1;
				DEVELOPMENT_TEAM = 8526PH72VB;
				GENERATE_INFOPLIST_FILE = YES;
				INFOPLIST_FILE = Testovoe_calculator/Info.plist;
				INFOPLIST_KEY_UIApplicationSupportsIndirectInputEvents = YES;
				INFOPLIST_KEY_UILaunchStoryboardName = LaunchScreen;
				INFOPLIST_KEY_UIMainStoryboardFile = Main;
				INFOPLIST_KEY_UISupportedInterfaceOrientations_iPad = "UIInterfaceOrientationPortrait UIInterfaceOrientationPortraitUpsideDown UIInterfaceOrientationLandscapeLeft UIInterfaceOrientationLandscapeRight";
				INFOPLIST_KEY_UISupportedInterfaceOrientations_iPhone = "UIInterfaceOrientationPortrait UIInterfaceOrientationLandscapeLeft UIInterfaceOrientationLandscapeRight";
				LD_RUNPATH_SEARCH_PATHS = (
					"$(inherited)",
					"@executable_path/Frameworks",
				);
				MARKETING_VERSION = 1.0;
				PRODUCT_BUNDLE_IDENTIFIER = NetworkingURLapp.Testovoe_calculator;
				PRODUCT_NAME = "$(TARGET_NAME)";
				SWIFT_EMIT_LOC_STRINGS = YES;
				SWIFT_VERSION = 5.0;
				TARGETED_DEVICE_FAMILY = "1,2";
			};
			name = Release;
		};
/* End XCBuildConfiguration section */

/* Begin XCConfigurationList section */
		7CB81ED327C0F46800D3C19E /* Build configuration list for PBXProject "Testovoe_calculator" */ = {
			isa = XCConfigurationList;
			buildConfigurations = (
				7CB81EED27C0F46900D3C19E /* Debug */,
				7CB81EEE27C0F46900D3C19E /* Release */,
			);
			defaultConfigurationIsVisible = 0;
			defaultConfigurationName = Release;
		};
		7CB81EEF27C0F46900D3C19E /* Build configuration list for PBXNativeTarget "Testovoe_calculator" */ = {
			isa = XCConfigurationList;
			buildConfigurations = (
				7CB81EF027C0F46900D3C19E /* Debug */,
				7CB81EF127C0F46900D3C19E /* Release */,
			);
			defaultConfigurationIsVisible = 0;
			defaultConfigurationName = Release;
		};
/* End XCConfigurationList section */

/* Begin XCVersionGroup section */
		7CB81EE427C0F46800D3C19E /* e_legion_TT.xcdatamodeld */ = {
			isa = XCVersionGroup;
			children = (
				7CB81EE527C0F46800D3C19E /* e_legion_TT.xcdatamodel */,
			);
			currentVersion = 7CB81EE527C0F46800D3C19E /* e_legion_TT.xcdatamodel */;
			path = e_legion_TT.xcdatamodeld;
			sourceTree = "<group>";
			versionGroupType = wrapper.xcdatamodel;
		};
/* End XCVersionGroup section */
	};
	rootObject = 7CB81ED027C0F46800D3C19E /* Project object */;
}
